{
  "version": "3",
  "redirects": {
    "https://esm.sh/@octokit/app@^15.1.4?target=denonext": "https://esm.sh/@octokit/app@15.1.4?target=denonext",
    "https://esm.sh/@octokit/auth-app@^7.1.5?target=denonext": "https://esm.sh/@octokit/auth-app@7.1.5?target=denonext",
    "https://esm.sh/@octokit/auth-oauth-app@^8.1.3?target=denonext": "https://esm.sh/@octokit/auth-oauth-app@8.1.3?target=denonext",
    "https://esm.sh/@octokit/auth-oauth-device@^7.1.3?target=denonext": "https://esm.sh/@octokit/auth-oauth-device@7.1.3?target=denonext",
    "https://esm.sh/@octokit/auth-oauth-user@^5.1.3?target=denonext": "https://esm.sh/@octokit/auth-oauth-user@5.1.3?target=denonext",
    "https://esm.sh/@octokit/auth-token@^5.0.0?target=denonext": "https://esm.sh/@octokit/auth-token@5.1.2?target=denonext",
    "https://esm.sh/@octokit/auth-unauthenticated@^6.1.2?target=denonext": "https://esm.sh/@octokit/auth-unauthenticated@6.1.2?target=denonext",
    "https://esm.sh/@octokit/core@^6.1.4?target=denonext": "https://esm.sh/@octokit/core@6.1.4?target=denonext",
    "https://esm.sh/@octokit/endpoint@^10.1.3?target=denonext": "https://esm.sh/@octokit/endpoint@10.1.3?target=denonext",
    "https://esm.sh/@octokit/graphql@^8.1.2?target=denonext": "https://esm.sh/@octokit/graphql@8.2.1?target=denonext",
    "https://esm.sh/@octokit/oauth-app@^7.1.6?target=denonext": "https://esm.sh/@octokit/oauth-app@7.1.6?target=denonext",
    "https://esm.sh/@octokit/oauth-authorization-url@^7.0.0?target=denonext": "https://esm.sh/@octokit/oauth-authorization-url@7.1.1?target=denonext",
    "https://esm.sh/@octokit/oauth-methods@^5.1.3?target=denonext": "https://esm.sh/@octokit/oauth-methods@5.1.4?target=denonext",
    "https://esm.sh/@octokit/oauth-methods@^5.1.4?target=denonext": "https://esm.sh/@octokit/oauth-methods@5.1.4?target=denonext",
    "https://esm.sh/@octokit/plugin-paginate-graphql@^5.2.4?target=denonext": "https://esm.sh/@octokit/plugin-paginate-graphql@5.2.4?target=denonext",
    "https://esm.sh/@octokit/plugin-paginate-rest@^11.4.2?target=denonext": "https://esm.sh/@octokit/plugin-paginate-rest@11.4.2?target=denonext",
    "https://esm.sh/@octokit/plugin-rest-endpoint-methods@^13.3.1?target=denonext": "https://esm.sh/@octokit/plugin-rest-endpoint-methods@13.3.1?target=denonext",
    "https://esm.sh/@octokit/plugin-retry@^7.1.4?target=denonext": "https://esm.sh/@octokit/plugin-retry@7.1.4?target=denonext",
    "https://esm.sh/@octokit/plugin-throttling@^9.4.0?target=denonext": "https://esm.sh/@octokit/plugin-throttling@9.4.0?target=denonext",
    "https://esm.sh/@octokit/request-error@^6.1.7?target=denonext": "https://esm.sh/@octokit/request-error@6.1.7?target=denonext",
    "https://esm.sh/@octokit/request@^9.2.1?target=denonext": "https://esm.sh/@octokit/request@9.2.2?target=denonext",
    "https://esm.sh/@octokit/request@^9.2.2?target=denonext": "https://esm.sh/@octokit/request@9.2.2?target=denonext",
    "https://esm.sh/@octokit/webhooks-methods@^5.1.1?target=denonext": "https://esm.sh/@octokit/webhooks-methods@5.1.1?target=denonext",
    "https://esm.sh/@octokit/webhooks@^13.6.1?target=denonext": "https://esm.sh/@octokit/webhooks@13.6.1?target=denonext",
    "https://esm.sh/before-after-hook@^3.0.2?target=denonext": "https://esm.sh/before-after-hook@3.0.2?target=denonext",
    "https://esm.sh/bottleneck@^2.15.3/light?target=denonext": "https://esm.sh/bottleneck@2.19.5/light?target=denonext",
    "https://esm.sh/fast-content-type-parse@^2.0.0?target=denonext": "https://esm.sh/fast-content-type-parse@2.0.1?target=denonext",
    "https://esm.sh/octokit?dts": "https://esm.sh/octokit@4.1.2?dts",
    "https://esm.sh/toad-cache@^3.7.0?target=denonext": "https://esm.sh/toad-cache@3.7.0?target=denonext",
    "https://esm.sh/universal-github-app-jwt@^2.2.0?target=denonext": "https://esm.sh/universal-github-app-jwt@2.2.0?target=denonext",
    "https://esm.sh/universal-user-agent@^7.0.0?target=denonext": "https://esm.sh/universal-user-agent@7.0.2?target=denonext",
    "https://esm.sh/universal-user-agent@^7.0.2?target=denonext": "https://esm.sh/universal-user-agent@7.0.2?target=denonext"
  },
  "remote": {
    "https://esm.sh/@octokit/app@15.1.4/denonext/app.mjs": "8f4afe79619b4519f28ff3d60318d6dbc34f2722e1fde74f418be6c1785ffb25",
    "https://esm.sh/@octokit/app@15.1.4?target=denonext": "f7360a259c5576cae5a5746be7dd2636c98ccbb5a461d0cdff8800b8ce37951c",
    "https://esm.sh/@octokit/auth-app@7.1.5/denonext/auth-app.mjs": "44b4821a679311f9434667a4398f065375ea01d6ba03dc880802fc7143573f48",
    "https://esm.sh/@octokit/auth-app@7.1.5?target=denonext": "926c8d214547e45b9db60cf2a9994d7066b299c4d58253add4f00c6f480b1141",
    "https://esm.sh/@octokit/auth-oauth-app@8.1.3/denonext/auth-oauth-app.mjs": "2720aabb57c80d9c06cb0fa147e3bebe9529754cfe4efb802d334769b9504424",
    "https://esm.sh/@octokit/auth-oauth-app@8.1.3?target=denonext": "0e2fea489aa5fbc80e6128168fcd413a50ddaecf8609cd00a35dce4cd6d9209e",
    "https://esm.sh/@octokit/auth-oauth-device@7.1.3/denonext/auth-oauth-device.mjs": "83c59086ec523c3fc7f9dad5f25eca9da32b165a781cb2aa8cf50624e75a07c3",
    "https://esm.sh/@octokit/auth-oauth-device@7.1.3?target=denonext": "2b5ce3661c1db3585c3722451e30353dd49a271b1371c0c30e9bc3d79853b265",
    "https://esm.sh/@octokit/auth-oauth-user@5.1.3/denonext/auth-oauth-user.mjs": "012a7f86d6af44f265f1ab353a400479fbab2b1c7f2da5c3f4f83705db23fab9",
    "https://esm.sh/@octokit/auth-oauth-user@5.1.3?target=denonext": "694a76e4f972fe79f74d3477ec702861d9dc0fc9982dda15febe8c1bb670c0b9",
    "https://esm.sh/@octokit/auth-token@5.1.2/denonext/auth-token.mjs": "360feb2cb940bfa2e20ba6e5b7c366b207e7b8cb3a2ff983f3d33b19087cdc50",
    "https://esm.sh/@octokit/auth-token@5.1.2?target=denonext": "0e5dc846d0c00da36580f08e0d4115526daf6256acf07fabedc06716dfbf72c9",
    "https://esm.sh/@octokit/auth-unauthenticated@6.1.2/denonext/auth-unauthenticated.mjs": "a00c60dae1f35c2366cb3105db2273ff50db2fd998852f954c5111ac7edde5c0",
    "https://esm.sh/@octokit/auth-unauthenticated@6.1.2?target=denonext": "a11965e7030a535c6b964d3c2da003b1f2f6ea16475ab49461c17ae0dc863ea3",
    "https://esm.sh/@octokit/core@6.1.4/denonext/core.mjs": "5ba84e79402a74b5fc90a5ac789095383cc05aba3d713ed1b15628d8563e23cb",
    "https://esm.sh/@octokit/core@6.1.4?target=denonext": "4307d497897c3f619a859db1fa3a8e6ba099ec915999bb13efe32615c8a75ea5",
    "https://esm.sh/@octokit/endpoint@10.1.3/denonext/endpoint.mjs": "ee30211e2130c718703820a3e97761185cede0fcd572f4fe495d7eafe1e27fe5",
    "https://esm.sh/@octokit/endpoint@10.1.3?target=denonext": "58fb4a907dc5c4117f96fa52aa0d3d0db4437972c3f032f5899ccf041b04628f",
    "https://esm.sh/@octokit/graphql@8.2.1/denonext/graphql.mjs": "94a4e53110f4a842c0d1ab1805809b0fb45a1f1cbdc26a23d23aafc908742679",
    "https://esm.sh/@octokit/graphql@8.2.1?target=denonext": "7735a5089317f0f3dcf03393ae1d7cf1dbb64010afaad51a8d91ed5c317f06aa",
    "https://esm.sh/@octokit/oauth-app@7.1.6/denonext/oauth-app.mjs": "110cf1212f5c27cdfdbcf06d27dc0886988759f89ac9658344c5923f406eafaf",
    "https://esm.sh/@octokit/oauth-app@7.1.6?target=denonext": "eeda7abed63446b5cbf1c91b7500ae6d478ee19eb9d0defab9f0ab6cee8c2f6b",
    "https://esm.sh/@octokit/oauth-authorization-url@7.1.1/denonext/oauth-authorization-url.mjs": "209de15074485c12e6bffaed0f33d857c789df4a577b19ddbd78caa9646b77dc",
    "https://esm.sh/@octokit/oauth-authorization-url@7.1.1?target=denonext": "fdaed10ede57c5e5a3ae67b487331336916d5401d366bed1425515e104b95de1",
    "https://esm.sh/@octokit/oauth-methods@5.1.4/denonext/oauth-methods.mjs": "9dc205f748b8d39705b33b81517dd4e0b6314dd32e005f2572603aa474ce3405",
    "https://esm.sh/@octokit/oauth-methods@5.1.4?target=denonext": "a4dbcd32a0043108b74f6a041239577eef0e72f415582094ed921cec003cfaa7",
    "https://esm.sh/@octokit/plugin-paginate-graphql@5.2.4/denonext/plugin-paginate-graphql.mjs": "a2b0869cb5eb1e14516d1d2ba227e2b968afe05ed9b3895f005ac196e7b5c5a1",
    "https://esm.sh/@octokit/plugin-paginate-graphql@5.2.4?target=denonext": "1512bade9daddb1ffe8fc46693db5dd3df429d51264e6848e3de3ea0cd16bc61",
    "https://esm.sh/@octokit/plugin-paginate-rest@11.4.2/denonext/plugin-paginate-rest.mjs": "842fac7f17b2de81b24f5b2aaf3a99a25241532af0cf1b48b2866b63dfef5597",
    "https://esm.sh/@octokit/plugin-paginate-rest@11.4.2?target=denonext": "df65692b0b7e2df97b28e7a94503e6aeadf04398ba79707893e8d2d71d945c3e",
    "https://esm.sh/@octokit/plugin-rest-endpoint-methods@13.3.1/denonext/plugin-rest-endpoint-methods.mjs": "08d12e310903ad286d4f694535bd94e3c029b6e14e977caf8f657c013cc4d8d7",
    "https://esm.sh/@octokit/plugin-rest-endpoint-methods@13.3.1?target=denonext": "a26baddae82661348f1e119b7edf8f99858b0e2c8e2868a39c8a73421d64ab8f",
    "https://esm.sh/@octokit/plugin-retry@7.1.4/denonext/plugin-retry.mjs": "285da988a94a2452f0d7b941864653fa98617507d7f4cb428480658675781ad4",
    "https://esm.sh/@octokit/plugin-retry@7.1.4?target=denonext": "d62e6b1856764db0b66143fb7a413ffec872cf8791b4f649844082ca6098e544",
    "https://esm.sh/@octokit/plugin-throttling@9.4.0/denonext/plugin-throttling.mjs": "50c4a67edc2bba79d81f5ea8966175a3acffbffe3403b5815da172e0c12ab686",
    "https://esm.sh/@octokit/plugin-throttling@9.4.0?target=denonext": "d40a7eb26c4897bb17e4cddd341a25f85ea0607798d5ee3e48014693f07e98b5",
    "https://esm.sh/@octokit/request-error@6.1.7/denonext/request-error.mjs": "a78094bd74d2b9b3cb6a38f18e43c3ee31534ff726d65eebf174a324b22ca60b",
    "https://esm.sh/@octokit/request-error@6.1.7?target=denonext": "f3b59c5f039efcc2c5e7946a1e0be7cd1f50297b13f81a99a00587f124fb69cd",
    "https://esm.sh/@octokit/request@9.2.2/denonext/request.mjs": "02df528ded430496e93415ce7b291a8b91cdd827f9724f898cf4db7e31988bae",
    "https://esm.sh/@octokit/request@9.2.2?target=denonext": "cfe43f13ac51e7494375f0cc1a81aeedebcb95cfb6b9cca468db0c3d7c786a15",
    "https://esm.sh/@octokit/webhooks-methods@5.1.1/denonext/webhooks-methods.mjs": "73c8d2b1c773a5dfb5204386359e5a2dc319ccb355931fa079b7d776918be788",
    "https://esm.sh/@octokit/webhooks-methods@5.1.1?target=denonext": "a138d6817e44038c76d842c3bc581e5737a3bcf61409c0d1515c5dcf0fd33330",
    "https://esm.sh/@octokit/webhooks@13.6.1/denonext/webhooks.mjs": "1a9f508394cc7c166327596515905f370a44707e6e6ea9792b595416ff7c4e7a",
    "https://esm.sh/@octokit/webhooks@13.6.1?target=denonext": "c4a32443e3289ae7548330b23fa393f666b3cf911d892f59dd4b4c8c55316d78",
    "https://esm.sh/before-after-hook@3.0.2/denonext/before-after-hook.mjs": "1a862839e15e4816de946c11023cbec3cb1d276e3a86073adfaac9dca6871aca",
    "https://esm.sh/before-after-hook@3.0.2?target=denonext": "923592fc40b4609eac335800f88c890d81c5f5f12e0b22fd8fd0646313c634f7",
    "https://esm.sh/bottleneck@2.19.5/denonext/light.mjs": "943b72d08b33e678a4f64bf2ce9a0468f9356ee65092af9c893fa25d3be6518b",
    "https://esm.sh/bottleneck@2.19.5/light?target=denonext": "c53ee9007926e5a49e291e0a0f2e1113735d65271a33eb609ac9ad309def4878",
    "https://esm.sh/fast-content-type-parse@2.0.1/denonext/fast-content-type-parse.mjs": "436d0ff6ce4508efcb9023892d25cc9d7eb321e9321a0d3aaf870300dc2e8578",
    "https://esm.sh/fast-content-type-parse@2.0.1?target=denonext": "7170ebd0186887d73afc67050a28e5350171e5e842e82a10309e829eabdf138a",
    "https://esm.sh/octokit@4.1.2/denonext/octokit.mjs": "72cc8d59ca5e13ad13b4b4d7fe3520f3d3a2911ee1c3147af919b236b66aebbe",
    "https://esm.sh/octokit@4.1.2?dts": "413ab6872b53b14ff4a79e82b40f4234dba32718da6f1bc7b7f5d3e17a0929c3",
    "https://esm.sh/toad-cache@3.7.0/denonext/toad-cache.mjs": "63b78525dcc99d8f736de244e46b306b2b5f6c72db75bf1d230230d46a06ab37",
    "https://esm.sh/toad-cache@3.7.0?target=denonext": "e17c2f2729b3268a6ecb412b975002ebaa66894c2e5e0a657a38d1176a1f02d4",
    "https://esm.sh/universal-github-app-jwt@2.2.0/denonext/universal-github-app-jwt.mjs": "c7cb04f796b43f163b1bcaf2b85c742d11ae724ae5ea82dbe517617c33bd0467",
    "https://esm.sh/universal-github-app-jwt@2.2.0?target=denonext": "75d402511284eb488f2f2c0f39cc5122ec91c3de1a18eebe1360f2935a0e577a",
    "https://esm.sh/universal-user-agent@7.0.2/denonext/universal-user-agent.mjs": "c5370728870841e1061776d12f5776929bb04945b0f8d5e4251207eab57d35ea",
    "https://esm.sh/universal-user-agent@7.0.2?target=denonext": "1c7589a3ed835be8bf13e6c78c7d507af65b7945b92edbf3ad25428e60e072f4"
  },
  "workspace": {
    "packageJson": {
      "dependencies": [
        "npm:@hono/node-server@^1.8.2",
        "npm:@octokit/rest@^19.0.13",
        "npm:@types/micromatch@^4.0.9",
        "npm:@types/node@^20",
        "npm:dotenv@^16.4.7",
        "npm:hono@^4.0.9",
        "npm:micromatch@^4.0.8",
        "npm:openai@^4.79.3",
        "npm:rimraf@^6.0.1",
        "npm:spinai@^1.1.13",
        "npm:tsx@^4.7.1",
        "npm:typescript@5.5.4"
      ]
    }
  }
}
